
Microsoft Visual Studio Solution File, Format Version 11.00
# Visual Studio 2010
Project("{FAE04EC0-301F-11D3-BF4B-00C04F79EFBC}") = "Emanate.Core", "Emanate.Core\Emanate.Core.csproj", "{B5E7E5AA-896A-4B86-B202-23062972F077}"
EndProject
Project("{FAE04EC0-301F-11D3-BF4B-00C04F79EFBC}") = "Emanate.IntegrationTests", "Emanate.IntegrationTests\Emanate.IntegrationTests.csproj", "{F5DC97D5-6CD7-4BDB-914F-104F27B6210C}"
EndProject
Project("{FAE04EC0-301F-11D3-BF4B-00C04F79EFBC}") = "Emanate.UnitTests", "Emanate.UnitTests\Emanate.UnitTests.csproj", "{1C5DDBEC-CBE2-48CA-B75C-2DCDC5F6DC3E}"
EndProject
Project("{FAE04EC0-301F-11D3-BF4B-00C04F79EFBC}") = "Emanate.Service", "Emanate.Service\Emanate.Service.csproj", "{E21FCC5A-F3A7-4F23-A4D8-9AF385317253}"
EndProject
Project("{2150E333-8FDC-42A3-9474-1A3956D46DE8}") = "Tests", "Tests", "{0CC6DC93-FAFD-451A-9851-B2A9EEC0B0A4}"
EndProject
Global
	GlobalSection(SolutionConfigurationPlatforms) = preSolution
		Debug|Any CPU = Debug|Any CPU
		Debug|Mixed Platforms = Debug|Mixed Platforms
		Debug|x86 = Debug|x86
		Release|Any CPU = Release|Any CPU
		Release|Mixed Platforms = Release|Mixed Platforms
		Release|x86 = Release|x86
	EndGlobalSection
	GlobalSection(ProjectConfigurationPlatforms) = postSolution
		{B5E7E5AA-896A-4B86-B202-23062972F077}.Debug|Any CPU.ActiveCfg = Debug|Any CPU
		{B5E7E5AA-896A-4B86-B202-23062972F077}.Debug|Any CPU.Build.0 = Debug|Any CPU
		{B5E7E5AA-896A-4B86-B202-23062972F077}.Debug|Mixed Platforms.ActiveCfg = Debug|Any CPU
		{B5E7E5AA-896A-4B86-B202-23062972F077}.Debug|Mixed Platforms.Build.0 = Debug|Any CPU
		{B5E7E5AA-896A-4B86-B202-23062972F077}.Debug|x86.ActiveCfg = Debug|Any CPU
		{B5E7E5AA-896A-4B86-B202-23062972F077}.Debug|x86.Build.0 = Debug|Any CPU
		{B5E7E5AA-896A-4B86-B202-23062972F077}.Release|Any CPU.ActiveCfg = Release|Any CPU
		{B5E7E5AA-896A-4B86-B202-23062972F077}.Release|Any CPU.Build.0 = Release|Any CPU
		{B5E7E5AA-896A-4B86-B202-23062972F077}.Release|Mixed Platforms.ActiveCfg = Release|Any CPU
		{B5E7E5AA-896A-4B86-B202-23062972F077}.Release|Mixed Platforms.Build.0 = Release|Any CPU
		{B5E7E5AA-896A-4B86-B202-23062972F077}.Release|x86.ActiveCfg = Release|Any CPU
		{F5DC97D5-6CD7-4BDB-914F-104F27B6210C}.Debug|Any CPU.ActiveCfg = Debug|Any CPU
		{F5DC97D5-6CD7-4BDB-914F-104F27B6210C}.Debug|Any CPU.Build.0 = Debug|Any CPU
		{F5DC97D5-6CD7-4BDB-914F-104F27B6210C}.Debug|Mixed Platforms.ActiveCfg = Debug|Any CPU
		{F5DC97D5-6CD7-4BDB-914F-104F27B6210C}.Debug|Mixed Platforms.Build.0 = Debug|Any CPU
		{F5DC97D5-6CD7-4BDB-914F-104F27B6210C}.Debug|x86.ActiveCfg = Debug|x86
		{F5DC97D5-6CD7-4BDB-914F-104F27B6210C}.Debug|x86.Build.0 = Debug|x86
		{F5DC97D5-6CD7-4BDB-914F-104F27B6210C}.Release|Any CPU.ActiveCfg = Release|Any CPU
		{F5DC97D5-6CD7-4BDB-914F-104F27B6210C}.Release|Any CPU.Build.0 = Release|Any CPU
		{F5DC97D5-6CD7-4BDB-914F-104F27B6210C}.Release|Mixed Platforms.ActiveCfg = Release|Any CPU
		{F5DC97D5-6CD7-4BDB-914F-104F27B6210C}.Release|Mixed Platforms.Build.0 = Release|Any CPU
		{F5DC97D5-6CD7-4BDB-914F-104F27B6210C}.Release|x86.ActiveCfg = Release|Any CPU
		{1C5DDBEC-CBE2-48CA-B75C-2DCDC5F6DC3E}.Debug|Any CPU.ActiveCfg = Debug|Any CPU
		{1C5DDBEC-CBE2-48CA-B75C-2DCDC5F6DC3E}.Debug|Any CPU.Build.0 = Debug|Any CPU
		{1C5DDBEC-CBE2-48CA-B75C-2DCDC5F6DC3E}.Debug|Mixed Platforms.ActiveCfg = Debug|Any CPU
		{1C5DDBEC-CBE2-48CA-B75C-2DCDC5F6DC3E}.Debug|Mixed Platforms.Build.0 = Debug|Any CPU
		{1C5DDBEC-CBE2-48CA-B75C-2DCDC5F6DC3E}.Debug|x86.ActiveCfg = Debug|Any CPU
		{1C5DDBEC-CBE2-48CA-B75C-2DCDC5F6DC3E}.Debug|x86.Build.0 = Debug|Any CPU
		{1C5DDBEC-CBE2-48CA-B75C-2DCDC5F6DC3E}.Release|Any CPU.ActiveCfg = Release|Any CPU
		{1C5DDBEC-CBE2-48CA-B75C-2DCDC5F6DC3E}.Release|Any CPU.Build.0 = Release|Any CPU
		{1C5DDBEC-CBE2-48CA-B75C-2DCDC5F6DC3E}.Release|Mixed Platforms.ActiveCfg = Release|Any CPU
		{1C5DDBEC-CBE2-48CA-B75C-2DCDC5F6DC3E}.Release|Mixed Platforms.Build.0 = Release|Any CPU
		{1C5DDBEC-CBE2-48CA-B75C-2DCDC5F6DC3E}.Release|x86.ActiveCfg = Release|Any CPU
		{E21FCC5A-F3A7-4F23-A4D8-9AF385317253}.Debug|Any CPU.ActiveCfg = Debug|Any CPU
		{E21FCC5A-F3A7-4F23-A4D8-9AF385317253}.Debug|Any CPU.Build.0 = Debug|Any CPU
		{E21FCC5A-F3A7-4F23-A4D8-9AF385317253}.Debug|Mixed Platforms.ActiveCfg = Debug|Any CPU
		{E21FCC5A-F3A7-4F23-A4D8-9AF385317253}.Debug|Mixed Platforms.Build.0 = Debug|Any CPU
		{E21FCC5A-F3A7-4F23-A4D8-9AF385317253}.Debug|x86.ActiveCfg = Debug|x86
		{E21FCC5A-F3A7-4F23-A4D8-9AF385317253}.Debug|x86.Build.0 = Debug|x86
		{E21FCC5A-F3A7-4F23-A4D8-9AF385317253}.Release|Any CPU.ActiveCfg = Release|x86
		{E21FCC5A-F3A7-4F23-A4D8-9AF385317253}.Release|Mixed Platforms.ActiveCfg = Release|x86
		{E21FCC5A-F3A7-4F23-A4D8-9AF385317253}.Release|Mixed Platforms.Build.0 = Release|x86
		{E21FCC5A-F3A7-4F23-A4D8-9AF385317253}.Release|x86.ActiveCfg = Release|x86
		{E21FCC5A-F3A7-4F23-A4D8-9AF385317253}.Release|x86.Build.0 = Release|x86
	EndGlobalSection
	GlobalSection(SolutionProperties) = preSolution
		HideSolutionNode = FALSE
	EndGlobalSection
	GlobalSection(NestedProjects) = preSolution
		{1C5DDBEC-CBE2-48CA-B75C-2DCDC5F6DC3E} = {0CC6DC93-FAFD-451A-9851-B2A9EEC0B0A4}
	EndGlobalSection
EndGlobal
