
Microsoft Visual Studio Solution File, Format Version 12.00
# Visual Studio Version 16
VisualStudioVersion = 16.0.29020.237
MinimumVisualStudioVersion = 10.0.40219.1
Project("{9A19103F-16F7-4668-BE54-9A1E7A4F7556}") = "Emanate.Core", "Emanate.Core\Emanate.Core.csproj", "{B5E7E5AA-896A-4B86-B202-23062972F077}"
EndProject
Project("{2150E333-8FDC-42A3-9474-1A3956D46DE8}") = "Modules", "Modules", "{31A4DDEC-31AB-4FDC-A6DC-2F7F95DE03B4}"
EndProject
Project("{FAE04EC0-301F-11D3-BF4B-00C04F79EFBC}") = "Emanate.Delcom", "Modules\Emanate.Delcom\Emanate.Delcom.csproj", "{D7C53489-A78D-408D-AD21-1D85566A760E}"
EndProject
Project("{FAE04EC0-301F-11D3-BF4B-00C04F79EFBC}") = "Emanate.TeamCity", "Modules\Emanate.TeamCity\Emanate.TeamCity.csproj", "{EA0DF8D8-DA80-4089-BF02-598BBC60F70B}"
EndProject
Project("{FAE04EC0-301F-11D3-BF4B-00C04F79EFBC}") = "Emanate.Vso", "Modules\Emanate.Vso\Emanate.Vso.csproj", "{D02CEB1D-3B90-477D-A8E7-04A62786E704}"
EndProject
Project("{9A19103F-16F7-4668-BE54-9A1E7A4F7556}") = "Emanate.Web", "Emanate.Web\Emanate.Web.csproj", "{8279F86C-39E1-48ED-BBFD-A276C6E54BC0}"
EndProject
Project("{FAE04EC0-301F-11D3-BF4B-00C04F79EFBC}") = "Emanate.UnitTests", "Emanate.UnitTests\Emanate.UnitTests.csproj", "{1C5DDBEC-CBE2-48CA-B75C-2DCDC5F6DC3E}"
EndProject
Global
	GlobalSection(SolutionConfigurationPlatforms) = preSolution
		Debug|Any CPU = Debug|Any CPU
		Debug|x86 = Debug|x86
		Release|Any CPU = Release|Any CPU
		Release|x86 = Release|x86
	EndGlobalSection
	GlobalSection(ProjectConfigurationPlatforms) = postSolution
		{B5E7E5AA-896A-4B86-B202-23062972F077}.Debug|Any CPU.ActiveCfg = Debug|Any CPU
		{B5E7E5AA-896A-4B86-B202-23062972F077}.Debug|Any CPU.Build.0 = Debug|Any CPU
		{B5E7E5AA-896A-4B86-B202-23062972F077}.Debug|x86.ActiveCfg = Debug|Any CPU
		{B5E7E5AA-896A-4B86-B202-23062972F077}.Debug|x86.Build.0 = Debug|Any CPU
		{B5E7E5AA-896A-4B86-B202-23062972F077}.Release|Any CPU.ActiveCfg = Release|Any CPU
		{B5E7E5AA-896A-4B86-B202-23062972F077}.Release|Any CPU.Build.0 = Release|Any CPU
		{B5E7E5AA-896A-4B86-B202-23062972F077}.Release|x86.ActiveCfg = Release|Any CPU
		{B5E7E5AA-896A-4B86-B202-23062972F077}.Release|x86.Build.0 = Release|Any CPU
		{D7C53489-A78D-408D-AD21-1D85566A760E}.Debug|Any CPU.ActiveCfg = Debug|Any CPU
		{D7C53489-A78D-408D-AD21-1D85566A760E}.Debug|Any CPU.Build.0 = Debug|Any CPU
		{D7C53489-A78D-408D-AD21-1D85566A760E}.Debug|x86.ActiveCfg = Debug|Any CPU
		{D7C53489-A78D-408D-AD21-1D85566A760E}.Debug|x86.Build.0 = Debug|Any CPU
		{D7C53489-A78D-408D-AD21-1D85566A760E}.Release|Any CPU.ActiveCfg = Release|Any CPU
		{D7C53489-A78D-408D-AD21-1D85566A760E}.Release|Any CPU.Build.0 = Release|Any CPU
		{D7C53489-A78D-408D-AD21-1D85566A760E}.Release|x86.ActiveCfg = Release|Any CPU
		{D7C53489-A78D-408D-AD21-1D85566A760E}.Release|x86.Build.0 = Release|Any CPU
		{EA0DF8D8-DA80-4089-BF02-598BBC60F70B}.Debug|Any CPU.ActiveCfg = Debug|Any CPU
		{EA0DF8D8-DA80-4089-BF02-598BBC60F70B}.Debug|Any CPU.Build.0 = Debug|Any CPU
		{EA0DF8D8-DA80-4089-BF02-598BBC60F70B}.Debug|x86.ActiveCfg = Debug|Any CPU
		{EA0DF8D8-DA80-4089-BF02-598BBC60F70B}.Debug|x86.Build.0 = Debug|Any CPU
		{EA0DF8D8-DA80-4089-BF02-598BBC60F70B}.Release|Any CPU.ActiveCfg = Release|Any CPU
		{EA0DF8D8-DA80-4089-BF02-598BBC60F70B}.Release|Any CPU.Build.0 = Release|Any CPU
		{EA0DF8D8-DA80-4089-BF02-598BBC60F70B}.Release|x86.ActiveCfg = Release|Any CPU
		{EA0DF8D8-DA80-4089-BF02-598BBC60F70B}.Release|x86.Build.0 = Release|Any CPU
		{D02CEB1D-3B90-477D-A8E7-04A62786E704}.Debug|Any CPU.ActiveCfg = Debug|Any CPU
		{D02CEB1D-3B90-477D-A8E7-04A62786E704}.Debug|Any CPU.Build.0 = Debug|Any CPU
		{D02CEB1D-3B90-477D-A8E7-04A62786E704}.Debug|x86.ActiveCfg = Debug|Any CPU
		{D02CEB1D-3B90-477D-A8E7-04A62786E704}.Debug|x86.Build.0 = Debug|Any CPU
		{D02CEB1D-3B90-477D-A8E7-04A62786E704}.Release|Any CPU.ActiveCfg = Release|Any CPU
		{D02CEB1D-3B90-477D-A8E7-04A62786E704}.Release|Any CPU.Build.0 = Release|Any CPU
		{D02CEB1D-3B90-477D-A8E7-04A62786E704}.Release|x86.ActiveCfg = Release|Any CPU
		{D02CEB1D-3B90-477D-A8E7-04A62786E704}.Release|x86.Build.0 = Release|Any CPU
		{8279F86C-39E1-48ED-BBFD-A276C6E54BC0}.Debug|Any CPU.ActiveCfg = Debug|Any CPU
		{8279F86C-39E1-48ED-BBFD-A276C6E54BC0}.Debug|Any CPU.Build.0 = Debug|Any CPU
		{8279F86C-39E1-48ED-BBFD-A276C6E54BC0}.Debug|x86.ActiveCfg = Debug|Any CPU
		{8279F86C-39E1-48ED-BBFD-A276C6E54BC0}.Debug|x86.Build.0 = Debug|Any CPU
		{8279F86C-39E1-48ED-BBFD-A276C6E54BC0}.Release|Any CPU.ActiveCfg = Release|Any CPU
		{8279F86C-39E1-48ED-BBFD-A276C6E54BC0}.Release|Any CPU.Build.0 = Release|Any CPU
		{8279F86C-39E1-48ED-BBFD-A276C6E54BC0}.Release|x86.ActiveCfg = Release|Any CPU
		{8279F86C-39E1-48ED-BBFD-A276C6E54BC0}.Release|x86.Build.0 = Release|Any CPU
		{1C5DDBEC-CBE2-48CA-B75C-2DCDC5F6DC3E}.Debug|Any CPU.ActiveCfg = Debug|Any CPU
		{1C5DDBEC-CBE2-48CA-B75C-2DCDC5F6DC3E}.Debug|Any CPU.Build.0 = Debug|Any CPU
		{1C5DDBEC-CBE2-48CA-B75C-2DCDC5F6DC3E}.Debug|x86.ActiveCfg = Debug|Any CPU
		{1C5DDBEC-CBE2-48CA-B75C-2DCDC5F6DC3E}.Debug|x86.Build.0 = Debug|Any CPU
		{1C5DDBEC-CBE2-48CA-B75C-2DCDC5F6DC3E}.Release|Any CPU.ActiveCfg = Release|Any CPU
		{1C5DDBEC-CBE2-48CA-B75C-2DCDC5F6DC3E}.Release|Any CPU.Build.0 = Release|Any CPU
		{1C5DDBEC-CBE2-48CA-B75C-2DCDC5F6DC3E}.Release|x86.ActiveCfg = Release|Any CPU
		{1C5DDBEC-CBE2-48CA-B75C-2DCDC5F6DC3E}.Release|x86.Build.0 = Release|Any CPU
	EndGlobalSection
	GlobalSection(SolutionProperties) = preSolution
		HideSolutionNode = FALSE
	EndGlobalSection
	GlobalSection(NestedProjects) = preSolution
		{D7C53489-A78D-408D-AD21-1D85566A760E} = {31A4DDEC-31AB-4FDC-A6DC-2F7F95DE03B4}
		{EA0DF8D8-DA80-4089-BF02-598BBC60F70B} = {31A4DDEC-31AB-4FDC-A6DC-2F7F95DE03B4}
		{D02CEB1D-3B90-477D-A8E7-04A62786E704} = {31A4DDEC-31AB-4FDC-A6DC-2F7F95DE03B4}
	EndGlobalSection
	GlobalSection(ExtensibilityGlobals) = postSolution
		SolutionGuid = {DF77E2A5-8510-4217-9DD2-2EB124E5341D}
	EndGlobalSection
EndGlobal
